// !$*UTF8*$!
{
	archiveVersion = 1;
	classes = {
	};
	objectVersion = 46;
	objects = {

/* Begin PBXBuildFile section */
		0AB177F505B74433BFA27E7E /* libPods.a in Frameworks */ = {isa = PBXBuildFile; fileRef = 7DC4EF439AAF4489A1C01E80 /* libPods.a */; };
		798E87C618105F3300C9B878 /* Foundation.framework in Frameworks */ = {isa = PBXBuildFile; fileRef = 798E87C518105F3300C9B878 /* Foundation.framework */; };
		798E87C818105F3300C9B878 /* CoreGraphics.framework in Frameworks */ = {isa = PBXBuildFile; fileRef = 798E87C718105F3300C9B878 /* CoreGraphics.framework */; };
		798E87CA18105F3300C9B878 /* UIKit.framework in Frameworks */ = {isa = PBXBuildFile; fileRef = 798E87C918105F3300C9B878 /* UIKit.framework */; };
		798E87D018105F3300C9B878 /* InfoPlist.strings in Resources */ = {isa = PBXBuildFile; fileRef = 798E87CE18105F3300C9B878 /* InfoPlist.strings */; };
		798E87D218105F3300C9B878 /* main.m in Sources */ = {isa = PBXBuildFile; fileRef = 798E87D118105F3300C9B878 /* main.m */; };
		798E87D618105F3300C9B878 /* AppDelegate.m in Sources */ = {isa = PBXBuildFile; fileRef = 798E87D518105F3300C9B878 /* AppDelegate.m */; };
		798E87D918105F3300C9B878 /* Main_iPhone.storyboard in Resources */ = {isa = PBXBuildFile; fileRef = 798E87D718105F3300C9B878 /* Main_iPhone.storyboard */; };
		798E87DC18105F3300C9B878 /* Main_iPad.storyboard in Resources */ = {isa = PBXBuildFile; fileRef = 798E87DA18105F3300C9B878 /* Main_iPad.storyboard */; };
		798E87DF18105F3300C9B878 /* SiriNumberViewController.m in Sources */ = {isa = PBXBuildFile; fileRef = 798E87DE18105F3300C9B878 /* SiriNumberViewController.m */; };
		798E87E118105F3300C9B878 /* Images.xcassets in Resources */ = {isa = PBXBuildFile; fileRef = 798E87E018105F3300C9B878 /* Images.xcassets */; };
		798E87E818105F3300C9B878 /* XCTest.framework in Frameworks */ = {isa = PBXBuildFile; fileRef = 798E87E718105F3300C9B878 /* XCTest.framework */; };
		798E87E918105F3300C9B878 /* Foundation.framework in Frameworks */ = {isa = PBXBuildFile; fileRef = 798E87C518105F3300C9B878 /* Foundation.framework */; };
		798E87EA18105F3300C9B878 /* UIKit.framework in Frameworks */ = {isa = PBXBuildFile; fileRef = 798E87C918105F3300C9B878 /* UIKit.framework */; };
		798E87F218105F3300C9B878 /* InfoPlist.strings in Resources */ = {isa = PBXBuildFile; fileRef = 798E87F018105F3300C9B878 /* InfoPlist.strings */; };
		798E87F418105F3300C9B878 /* SiriNumberTests.m in Sources */ = {isa = PBXBuildFile; fileRef = 798E87F318105F3300C9B878 /* SiriNumberTests.m */; };
/* End PBXBuildFile section */

/* Begin PBXContainerItemProxy section */
		798E87EB18105F3300C9B878 /* PBXContainerItemProxy */ = {
			isa = PBXContainerItemProxy;
			containerPortal = 798E87BA18105F3300C9B878 /* Project object */;
			proxyType = 1;
			remoteGlobalIDString = 798E87C118105F3300C9B878;
			remoteInfo = SiriNumber;
		};
/* End PBXContainerItemProxy section */

/* Begin PBXFileReference section */
		3742C88CA3DF4E48BE9B0310 /* Pods.xcconfig */ = {isa = PBXFileReference; includeInIndex = 1; lastKnownFileType = text.xcconfig; name = Pods.xcconfig; path = Pods/Pods.xcconfig; sourceTree = "<group>"; };
		798E87C218105F3300C9B878 /* SiriNumber.app */ = {isa = PBXFileReference; explicitFileType = wrapper.application; includeInIndex = 0; path = SiriNumber.app; sourceTree = BUILT_PRODUCTS_DIR; };
		798E87C518105F3300C9B878 /* Foundation.framework */ = {isa = PBXFileReference; lastKnownFileType = wrapper.framework; name = Foundation.framework; path = System/Library/Frameworks/Foundation.framework; sourceTree = SDKROOT; };
		798E87C718105F3300C9B878 /* CoreGraphics.framework */ = {isa = PBXFileReference; lastKnownFileType = wrapper.framework; name = CoreGraphics.framework; path = System/Library/Frameworks/CoreGraphics.framework; sourceTree = SDKROOT; };
		798E87C918105F3300C9B878 /* UIKit.framework */ = {isa = PBXFileReference; lastKnownFileType = wrapper.framework; name = UIKit.framework; path = System/Library/Frameworks/UIKit.framework; sourceTree = SDKROOT; };
		798E87CD18105F3300C9B878 /* SiriNumber-Info.plist */ = {isa = PBXFileReference; lastKnownFileType = text.plist.xml; path = "SiriNumber-Info.plist"; sourceTree = "<group>"; };
		798E87CF18105F3300C9B878 /* en */ = {isa = PBXFileReference; lastKnownFileType = text.plist.strings; name = en; path = en.lproj/InfoPlist.strings; sourceTree = "<group>"; };
		798E87D118105F3300C9B878 /* main.m */ = {isa = PBXFileReference; lastKnownFileType = sourcecode.c.objc; path = main.m; sourceTree = "<group>"; };
		798E87D318105F3300C9B878 /* SiriNumber-Prefix.pch */ = {isa = PBXFileReference; lastKnownFileType = sourcecode.c.h; path = "SiriNumber-Prefix.pch"; sourceTree = "<group>"; };
		798E87D418105F3300C9B878 /* AppDelegate.h */ = {isa = PBXFileReference; lastKnownFileType = sourcecode.c.h; path = AppDelegate.h; sourceTree = "<group>"; };
		798E87D518105F3300C9B878 /* AppDelegate.m */ = {isa = PBXFileReference; lastKnownFileType = sourcecode.c.objc; path = AppDelegate.m; sourceTree = "<group>"; };
		798E87D818105F3300C9B878 /* Base */ = {isa = PBXFileReference; lastKnownFileType = file.storyboard; name = Base; path = Base.lproj/Main_iPhone.storyboard; sourceTree = "<group>"; };
		798E87DB18105F3300C9B878 /* Base */ = {isa = PBXFileReference; lastKnownFileType = file.storyboard; name = Base; path = Base.lproj/Main_iPad.storyboard; sourceTree = "<group>"; };
		798E87DD18105F3300C9B878 /* SiriNumberViewController.h */ = {isa = PBXFileReference; lastKnownFileType = sourcecode.c.h; path = SiriNumberViewController.h; sourceTree = "<group>"; };
		798E87DE18105F3300C9B878 /* SiriNumberViewController.m */ = {isa = PBXFileReference; lastKnownFileType = sourcecode.c.objc; path = SiriNumberViewController.m; sourceTree = "<group>"; };
		798E87E018105F3300C9B878 /* Images.xcassets */ = {isa = PBXFileReference; lastKnownFileType = folder.assetcatalog; path = Images.xcassets; sourceTree = "<group>"; };
		798E87E618105F3300C9B878 /* SiriNumberTests.xctest */ = {isa = PBXFileReference; explicitFileType = wrapper.cfbundle; includeInIndex = 0; path = SiriNumberTests.xctest; sourceTree = BUILT_PRODUCTS_DIR; };
		798E87E718105F3300C9B878 /* XCTest.framework */ = {isa = PBXFileReference; lastKnownFileType = wrapper.framework; name = XCTest.framework; path = Library/Frameworks/XCTest.framework; sourceTree = DEVELOPER_DIR; };
		798E87EF18105F3300C9B878 /* SiriNumberTests-Info.plist */ = {isa = PBXFileReference; lastKnownFileType = text.plist.xml; path = "SiriNumberTests-Info.plist"; sourceTree = "<group>"; };
		798E87F118105F3300C9B878 /* en */ = {isa = PBXFileReference; lastKnownFileType = text.plist.strings; name = en; path = en.lproj/InfoPlist.strings; sourceTree = "<group>"; };
		798E87F318105F3300C9B878 /* SiriNumberTests.m */ = {isa = PBXFileReference; lastKnownFileType = sourcecode.c.objc; path = SiriNumberTests.m; sourceTree = "<group>"; };
		798E8800181062A600C9B878 /* Constants.h */ = {isa = PBXFileReference; lastKnownFileType = sourcecode.c.h; path = Constants.h; sourceTree = "<group>"; };
		7DC4EF439AAF4489A1C01E80 /* libPods.a */ = {isa = PBXFileReference; explicitFileType = archive.ar; includeInIndex = 0; path = libPods.a; sourceTree = BUILT_PRODUCTS_DIR; };
/* End PBXFileReference section */

/* Begin PBXFrameworksBuildPhase section */
		798E87BF18105F3300C9B878 /* Frameworks */ = {
			isa = PBXFrameworksBuildPhase;
			buildActionMask = 2147483647;
			files = (
				798E87C818105F3300C9B878 /* CoreGraphics.framework in Frameworks */,
				798E87CA18105F3300C9B878 /* UIKit.framework in Frameworks */,
				798E87C618105F3300C9B878 /* Foundation.framework in Frameworks */,
				0AB177F505B74433BFA27E7E /* libPods.a in Frameworks */,
			);
			runOnlyForDeploymentPostprocessing = 0;
		};
		798E87E318105F3300C9B878 /* Frameworks */ = {
			isa = PBXFrameworksBuildPhase;
			buildActionMask = 2147483647;
			files = (
				798E87E818105F3300C9B878 /* XCTest.framework in Frameworks */,
				798E87EA18105F3300C9B878 /* UIKit.framework in Frameworks */,
				798E87E918105F3300C9B878 /* Foundation.framework in Frameworks */,
			);
			runOnlyForDeploymentPostprocessing = 0;
		};
/* End PBXFrameworksBuildPhase section */

/* Begin PBXGroup section */
		7934560F1811AA88008A6EF1 /* controller */ = {
			isa = PBXGroup;
			children = (
				798E87DD18105F3300C9B878 /* SiriNumberViewController.h */,
				798E87DE18105F3300C9B878 /* SiriNumberViewController.m */,
			);
			name = controller;
			sourceTree = "<group>";
		};
		793456101811AA97008A6EF1 /* storyboard */ = {
			isa = PBXGroup;
			children = (
				798E87D718105F3300C9B878 /* Main_iPhone.storyboard */,
				798E87DA18105F3300C9B878 /* Main_iPad.storyboard */,
			);
			name = storyboard;
			sourceTree = "<group>";
		};
		793456111811AAAE008A6EF1 /* constant */ = {
			isa = PBXGroup;
			children = (
				798E8800181062A600C9B878 /* Constants.h */,
			);
			name = constant;
			sourceTree = "<group>";
		};
		798E87B918105F3300C9B878 = {
			isa = PBXGroup;
			children = (
				798E87CB18105F3300C9B878 /* SiriNumber */,
				798E87ED18105F3300C9B878 /* SiriNumberTests */,
				798E87C418105F3300C9B878 /* Frameworks */,
				798E87C318105F3300C9B878 /* Products */,
				3742C88CA3DF4E48BE9B0310 /* Pods.xcconfig */,
			);
			sourceTree = "<group>";
		};
		798E87C318105F3300C9B878 /* Products */ = {
			isa = PBXGroup;
			children = (
				798E87C218105F3300C9B878 /* SiriNumber.app */,
				798E87E618105F3300C9B878 /* SiriNumberTests.xctest */,
			);
			name = Products;
			sourceTree = "<group>";
		};
		798E87C418105F3300C9B878 /* Frameworks */ = {
			isa = PBXGroup;
			children = (
				798E87C518105F3300C9B878 /* Foundation.framework */,
				798E87C718105F3300C9B878 /* CoreGraphics.framework */,
				798E87C918105F3300C9B878 /* UIKit.framework */,
				798E87E718105F3300C9B878 /* XCTest.framework */,
				7DC4EF439AAF4489A1C01E80 /* libPods.a */,
			);
			name = Frameworks;
			sourceTree = "<group>";
		};
		798E87CB18105F3300C9B878 /* SiriNumber */ = {
			isa = PBXGroup;
			children = (
				793456111811AAAE008A6EF1 /* constant */,
				793456101811AA97008A6EF1 /* storyboard */,
				7934560F1811AA88008A6EF1 /* controller */,
				798E87D418105F3300C9B878 /* AppDelegate.h */,
				798E87D518105F3300C9B878 /* AppDelegate.m */,
				798E87E018105F3300C9B878 /* Images.xcassets */,
				798E87CC18105F3300C9B878 /* Supporting Files */,
			);
			path = SiriNumber;
			sourceTree = "<group>";
		};
		798E87CC18105F3300C9B878 /* Supporting Files */ = {
			isa = PBXGroup;
			children = (
				798E87CD18105F3300C9B878 /* SiriNumber-Info.plist */,
				798E87CE18105F3300C9B878 /* InfoPlist.strings */,
				798E87D118105F3300C9B878 /* main.m */,
				798E87D318105F3300C9B878 /* SiriNumber-Prefix.pch */,
			);
			name = "Supporting Files";
			sourceTree = "<group>";
		};
		798E87ED18105F3300C9B878 /* SiriNumberTests */ = {
			isa = PBXGroup;
			children = (
				798E87F318105F3300C9B878 /* SiriNumberTests.m */,
				798E87EE18105F3300C9B878 /* Supporting Files */,
			);
			path = SiriNumberTests;
			sourceTree = "<group>";
		};
		798E87EE18105F3300C9B878 /* Supporting Files */ = {
			isa = PBXGroup;
			children = (
				798E87EF18105F3300C9B878 /* SiriNumberTests-Info.plist */,
				798E87F018105F3300C9B878 /* InfoPlist.strings */,
			);
			name = "Supporting Files";
			sourceTree = "<group>";
		};
/* End PBXGroup section */

/* Begin PBXNativeTarget section */
		798E87C118105F3300C9B878 /* SiriNumber */ = {
			isa = PBXNativeTarget;
			buildConfigurationList = 798E87F718105F3300C9B878 /* Build configuration list for PBXNativeTarget "SiriNumber" */;
			buildPhases = (
				1876904EA59D48EB855BE1C6 /* Check Pods Manifest.lock */,
				798E87BE18105F3300C9B878 /* Sources */,
				798E87BF18105F3300C9B878 /* Frameworks */,
				798E87C018105F3300C9B878 /* Resources */,
				715EB2B2774C4A23A386557A /* Copy Pods Resources */,
			);
			buildRules = (
			);
			dependencies = (
			);
			name = SiriNumber;
			productName = SiriNumber;
			productReference = 798E87C218105F3300C9B878 /* SiriNumber.app */;
			productType = "com.apple.product-type.application";
		};
		798E87E518105F3300C9B878 /* SiriNumberTests */ = {
			isa = PBXNativeTarget;
			buildConfigurationList = 798E87FA18105F3300C9B878 /* Build configuration list for PBXNativeTarget "SiriNumberTests" */;
			buildPhases = (
				798E87E218105F3300C9B878 /* Sources */,
				798E87E318105F3300C9B878 /* Frameworks */,
				798E87E418105F3300C9B878 /* Resources */,
			);
			buildRules = (
			);
			dependencies = (
				798E87EC18105F3300C9B878 /* PBXTargetDependency */,
			);
			name = SiriNumberTests;
			productName = SiriNumberTests;
			productReference = 798E87E618105F3300C9B878 /* SiriNumberTests.xctest */;
			productType = "com.apple.product-type.bundle.unit-test";
		};
/* End PBXNativeTarget section */

/* Begin PBXProject section */
		798E87BA18105F3300C9B878 /* Project object */ = {
			isa = PBXProject;
			attributes = {
				LastUpgradeCheck = 0500;
				ORGANIZATIONNAME = heleny;
				TargetAttributes = {
					798E87E518105F3300C9B878 = {
						TestTargetID = 798E87C118105F3300C9B878;
					};
				};
			};
			buildConfigurationList = 798E87BD18105F3300C9B878 /* Build configuration list for PBXProject "SiriNumber" */;
			compatibilityVersion = "Xcode 3.2";
			developmentRegion = English;
			hasScannedForEncodings = 0;
			knownRegions = (
				en,
				Base,
			);
			mainGroup = 798E87B918105F3300C9B878;
			productRefGroup = 798E87C318105F3300C9B878 /* Products */;
			projectDirPath = "";
			projectRoot = "";
			targets = (
				798E87C118105F3300C9B878 /* SiriNumber */,
				798E87E518105F3300C9B878 /* SiriNumberTests */,
			);
		};
/* End PBXProject section */

/* Begin PBXResourcesBuildPhase section */
		798E87C018105F3300C9B878 /* Resources */ = {
			isa = PBXResourcesBuildPhase;
			buildActionMask = 2147483647;
			files = (
				798E87DC18105F3300C9B878 /* Main_iPad.storyboard in Resources */,
				798E87E118105F3300C9B878 /* Images.xcassets in Resources */,
				798E87D918105F3300C9B878 /* Main_iPhone.storyboard in Resources */,
				798E87D018105F3300C9B878 /* InfoPlist.strings in Resources */,
			);
			runOnlyForDeploymentPostprocessing = 0;
		};
		798E87E418105F3300C9B878 /* Resources */ = {
			isa = PBXResourcesBuildPhase;
			buildActionMask = 2147483647;
			files = (
				798E87F218105F3300C9B878 /* InfoPlist.strings in Resources */,
			);
			runOnlyForDeploymentPostprocessing = 0;
		};
/* End PBXResourcesBuildPhase section */

/* Begin PBXShellScriptBuildPhase section */
		1876904EA59D48EB855BE1C6 /* Check Pods Manifest.lock */ = {
			isa = PBXShellScriptBuildPhase;
			buildActionMask = 2147483647;
			files = (
			);
			inputPaths = (
			);
			name = "Check Pods Manifest.lock";
			outputPaths = (
			);
			runOnlyForDeploymentPostprocessing = 0;
			shellPath = /bin/sh;
			shellScript = "diff \"${PODS_ROOT}/../Podfile.lock\" \"${PODS_ROOT}/Manifest.lock\" > /dev/null\nif [[ $? != 0 ]] ; then\n    cat << EOM\nerror: The sandbox is not in sync with the Podfile.lock. Run 'pod install' or update your CocoaPods installation.\nEOM\n    exit 1\nfi\n";
			showEnvVarsInLog = 0;
		};
		715EB2B2774C4A23A386557A /* Copy Pods Resources */ = {
			isa = PBXShellScriptBuildPhase;
			buildActionMask = 2147483647;
			files = (
			);
			inputPaths = (
			);
			name = "Copy Pods Resources";
			outputPaths = (
			);
			runOnlyForDeploymentPostprocessing = 0;
			shellPath = /bin/sh;
			shellScript = "\"${SRCROOT}/Pods/Pods-resources.sh\"\n";
			showEnvVarsInLog = 0;
		};
/* End PBXShellScriptBuildPhase section */

/* Begin PBXSourcesBuildPhase section */
		798E87BE18105F3300C9B878 /* Sources */ = {
			isa = PBXSourcesBuildPhase;
			buildActionMask = 2147483647;
			files = (
				798E87DF18105F3300C9B878 /* SiriNumberViewController.m in Sources */,
				798E87D618105F3300C9B878 /* AppDelegate.m in Sources */,
				798E87D218105F3300C9B878 /* main.m in Sources */,
			);
			runOnlyForDeploymentPostprocessing = 0;
		};
		798E87E218105F3300C9B878 /* Sources */ = {
			isa = PBXSourcesBuildPhase;
			buildActionMask = 2147483647;
			files = (
				798E87F418105F3300C9B878 /* SiriNumberTests.m in Sources */,
			);
			runOnlyForDeploymentPostprocessing = 0;
		};
/* End PBXSourcesBuildPhase section */

/* Begin PBXTargetDependency section */
		798E87EC18105F3300C9B878 /* PBXTargetDependency */ = {
			isa = PBXTargetDependency;
			target = 798E87C118105F3300C9B878 /* SiriNumber */;
			targetProxy = 798E87EB18105F3300C9B878 /* PBXContainerItemProxy */;
		};
/* End PBXTargetDependency section */

/* Begin PBXVariantGroup section */
		798E87CE18105F3300C9B878 /* InfoPlist.strings */ = {
			isa = PBXVariantGroup;
			children = (
				798E87CF18105F3300C9B878 /* en */,
			);
			name = InfoPlist.strings;
			sourceTree = "<group>";
		};
		798E87D718105F3300C9B878 /* Main_iPhone.storyboard */ = {
			isa = PBXVariantGroup;
			children = (
				798E87D818105F3300C9B878 /* Base */,
			);
			name = Main_iPhone.storyboard;
			sourceTree = "<group>";
		};
		798E87DA18105F3300C9B878 /* Main_iPad.storyboard */ = {
			isa = PBXVariantGroup;
			children = (
				798E87DB18105F3300C9B878 /* Base */,
			);
			name = Main_iPad.storyboard;
			sourceTree = "<group>";
		};
		798E87F018105F3300C9B878 /* InfoPlist.strings */ = {
			isa = PBXVariantGroup;
			children = (
				798E87F118105F3300C9B878 /* en */,
			);
			name = InfoPlist.strings;
			sourceTree = "<group>";
		};
/* End PBXVariantGroup section */

/* Begin XCBuildConfiguration section */
		798E87F518105F3300C9B878 /* Debug */ = {
			isa = XCBuildConfiguration;
			buildSettings = {
				ALWAYS_SEARCH_USER_PATHS = NO;
				ARCHS = "$(ARCHS_STANDARD_INCLUDING_64_BIT)";
				CLANG_CXX_LANGUAGE_STANDARD = "gnu++0x";
				CLANG_CXX_LIBRARY = "libc++";
				CLANG_ENABLE_MODULES = YES;
				CLANG_ENABLE_OBJC_ARC = YES;
				CLANG_WARN_BOOL_CONVERSION = YES;
				CLANG_WARN_CONSTANT_CONVERSION = YES;
				CLANG_WARN_DIRECT_OBJC_ISA_USAGE = YES_ERROR;
				CLANG_WARN_EMPTY_BODY = YES;
				CLANG_WARN_ENUM_CONVERSION = YES;
				CLANG_WARN_INT_CONVERSION = YES;
				CLANG_WARN_OBJC_ROOT_CLASS = YES_ERROR;
				CLANG_WARN__DUPLICATE_METHOD_MATCH = YES;
				"CODE_SIGN_IDENTITY[sdk=iphoneos*]" = "iPhone Developer";
				COPY_PHASE_STRIP = NO;
				GCC_C_LANGUAGE_STANDARD = gnu99;
				GCC_DYNAMIC_NO_PIC = NO;
				GCC_OPTIMIZATION_LEVEL = 0;
				GCC_PREPROCESSOR_DEFINITIONS = (
					"DEBUG=1",
					"$(inherited)",
				);
				GCC_SYMBOLS_PRIVATE_EXTERN = NO;
				GCC_WARN_64_TO_32_BIT_CONVERSION = YES;
				GCC_WARN_ABOUT_RETURN_TYPE = YES_ERROR;
				GCC_WARN_UNDECLARED_SELECTOR = YES;
				GCC_WARN_UNINITIALIZED_AUTOS = YES;
				GCC_WARN_UNUSED_FUNCTION = YES;
				GCC_WARN_UNUSED_VARIABLE = YES;
				IPHONEOS_DEPLOYMENT_TARGET = 7.0;
				ONLY_ACTIVE_ARCH = YES;
				SDKROOT = iphoneos;
				TARGETED_DEVICE_FAMILY = "1,2";
			};
			name = Debug;
		};
		798E87F618105F3300C9B878 /* Release */ = {
			isa = XCBuildConfiguration;
			buildSettings = {
				ALWAYS_SEARCH_USER_PATHS = NO;
				ARCHS = "$(ARCHS_STANDARD_INCLUDING_64_BIT)";
				CLANG_CXX_LANGUAGE_STANDARD = "gnu++0x";
				CLANG_CXX_LIBRARY = "libc++";
				CLANG_ENABLE_MODULES = YES;
				CLANG_ENABLE_OBJC_ARC = YES;
				CLANG_WARN_BOOL_CONVERSION = YES;
				CLANG_WARN_CONSTANT_CONVERSION = YES;
				CLANG_WARN_DIRECT_OBJC_ISA_USAGE = YES_ERROR;
				CLANG_WARN_EMPTY_BODY = YES;
				CLANG_WARN_ENUM_CONVERSION = YES;
				CLANG_WARN_INT_CONVERSION = YES;
				CLANG_WARN_OBJC_ROOT_CLASS = YES_ERROR;
				CLANG_WARN__DUPLICATE_METHOD_MATCH = YES;
				"CODE_SIGN_IDENTITY[sdk=iphoneos*]" = "iPhone Developer";
				COPY_PHASE_STRIP = YES;
				ENABLE_NS_ASSERTIONS = NO;
				GCC_C_LANGUAGE_STANDARD = gnu99;
				GCC_WARN_64_TO_32_BIT_CONVERSION = YES;
				GCC_WARN_ABOUT_RETURN_TYPE = YES_ERROR;
				GCC_WARN_UNDECLARED_SELECTOR = YES;
				GCC_WARN_UNINITIALIZED_AUTOS = YES;
				GCC_WARN_UNUSED_FUNCTION = YES;
				GCC_WARN_UNUSED_VARIABLE = YES;
				IPHONEOS_DEPLOYMENT_TARGET = 7.0;
				SDKROOT = iphoneos;
				TARGETED_DEVICE_FAMILY = "1,2";
				VALIDATE_PRODUCT = YES;
			};
			name = Release;
		};
		798E87F818105F3300C9B878 /* Debug */ = {
			isa = XCBuildConfiguration;
			baseConfigurationReference = 3742C88CA3DF4E48BE9B0310 /* Pods.xcconfig */;
			buildSettings = {
				ASSETCATALOG_COMPILER_APPICON_NAME = AppIcon;
				ASSETCATALOG_COMPILER_LAUNCHIMAGE_NAME = LaunchImage;
				GCC_PRECOMPILE_PREFIX_HEADER = YES;
				GCC_PREFIX_HEADER = "SiriNumber/SiriNumber-Prefix.pch";
				INFOPLIST_FILE = "SiriNumber/SiriNumber-Info.plist";
				IPHONEOS_DEPLOYMENT_TARGET = 7.0;
				PRODUCT_NAME = "$(TARGET_NAME)";
				TARGETED_DEVICE_FAMILY = "1,2";
				WRAPPER_EXTENSION = app;
			};
			name = Debug;
		};
		798E87F918105F3300C9B878 /* Release */ = {
			isa = XCBuildConfiguration;
			baseConfigurationReference = 3742C88CA3DF4E48BE9B0310 /* Pods.xcconfig */;
			buildSettings = {
				ASSETCATALOG_COMPILER_APPICON_NAME = AppIcon;
				ASSETCATALOG_COMPILER_LAUNCHIMAGE_NAME = LaunchImage;
				GCC_PRECOMPILE_PREFIX_HEADER = YES;
				GCC_PREFIX_HEADER = "SiriNumber/SiriNumber-Prefix.pch";
				INFOPLIST_FILE = "SiriNumber/SiriNumber-Info.plist";
				IPHONEOS_DEPLOYMENT_TARGET = 7.0;
				PRODUCT_NAME = "$(TARGET_NAME)";
				TARGETED_DEVICE_FAMILY = "1,2";
				WRAPPER_EXTENSION = app;
			};
			name = Release;
		};
		798E87FB18105F3300C9B878 /* Debug */ = {
			isa = XCBuildConfiguration;
			buildSettings = {
				ARCHS = "$(ARCHS_STANDARD_INCLUDING_64_BIT)";
				BUNDLE_LOADER = "$(BUILT_PRODUCTS_DIR)/SiriNumber.app/SiriNumber";
				FRAMEWORK_SEARCH_PATHS = (
					"$(SDKROOT)/Developer/Library/Frameworks",
					"$(inherited)",
					"$(DEVELOPER_FRAMEWORKS_DIR)",
				);
				GCC_PRECOMPILE_PREFIX_HEADER = YES;
				GCC_PREFIX_HEADER = "SiriNumber/SiriNumber-Prefix.pch";
				GCC_PREPROCESSOR_DEFINITIONS = (
					"DEBUG=1",
					"$(inherited)",
				);
				INFOPLIST_FILE = "SiriNumberTests/SiriNumberTests-Info.plist";
				PRODUCT_NAME = "$(TARGET_NAME)";
				TEST_HOST = "$(BUNDLE_LOADER)";
				WRAPPER_EXTENSION = xctest;
			};
			name = Debug;
		};
		798E87FC18105F3300C9B878 /* Release */ = {
			isa = XCBuildConfiguration;
			buildSettings = {
				ARCHS = "$(ARCHS_STANDARD_INCLUDING_64_BIT)";
				BUNDLE_LOADER = "$(BUILT_PRODUCTS_DIR)/SiriNumber.app/SiriNumber";
				FRAMEWORK_SEARCH_PATHS = (
					"$(SDKROOT)/Developer/Library/Frameworks",
					"$(inherited)",
					"$(DEVELOPER_FRAMEWORKS_DIR)",
				);
				GCC_PRECOMPILE_PREFIX_HEADER = YES;
				GCC_PREFIX_HEADER = "SiriNumber/SiriNumber-Prefix.pch";
				INFOPLIST_FILE = "SiriNumberTests/SiriNumberTests-Info.plist";
				PRODUCT_NAME = "$(TARGET_NAME)";
				TEST_HOST = "$(BUNDLE_LOADER)";
				WRAPPER_EXTENSION = xctest;
			};
			name = Release;
		};
/* End XCBuildConfiguration section */

/* Begin XCConfigurationList section */
		798E87BD18105F3300C9B878 /* Build configuration list for PBXProject "SiriNumber" */ = {
			isa = XCConfigurationList;
			buildConfigurations = (
				798E87F518105F3300C9B878 /* Debug */,
				798E87F618105F3300C9B878 /* Release */,
			);
			defaultConfigurationIsVisible = 0;
			defaultConfigurationName = Release;
		};
		798E87F718105F3300C9B878 /* Build configuration list for PBXNativeTarget "SiriNumber" */ = {
			isa = XCConfigurationList;
			buildConfigurations = (
				798E87F818105F3300C9B878 /* Debug */,
				798E87F918105F3300C9B878 /* Release */,
			);
			defaultConfigurationIsVisible = 0;
			defaultConfigurationName = Release;
		};
		798E87FA18105F3300C9B878 /* Build configuration list for PBXNativeTarget "SiriNumberTests" */ = {
			isa = XCConfigurationList;
			buildConfigurations = (
				798E87FB18105F3300C9B878 /* Debug */,
				798E87FC18105F3300C9B878 /* Release */,
			);
			defaultConfigurationIsVisible = 0;
			defaultConfigurationName = Release;
		};
/* End XCConfigurationList section */
	};
	rootObject = 798E87BA18105F3300C9B878 /* Project object */;
}
